
Microsoft Visual Studio Solution File, Format Version 12.00
# Visual Studio Version 17
VisualStudioVersion = 17.0.32014.148
MinimumVisualStudioVersion = 10.0.40219.1
Project("{FAE04EC0-301F-11D3-BF4B-00C04F79EFBC}") = "VTYSPROJE", "VTYSPROJE.csproj", "{DC52F661-E110-483E-BE2B-21FA5A19B28E}"
EndProject
Global
	GlobalSection(SolutionConfigurationPlatforms) = preSolution
		Debug|Any CPU = Debug|Any CPU
		Release|Any CPU = Release|Any CPU
	EndGlobalSection
	GlobalSection(ProjectConfigurationPlatforms) = postSolution
		{DC52F661-E110-483E-BE2B-21FA5A19B28E}.Debug|Any CPU.ActiveCfg = Debug|Any CPU
		{DC52F661-E110-483E-BE2B-21FA5A19B28E}.Debug|Any CPU.Build.0 = Debug|Any CPU
		{DC52F661-E110-483E-BE2B-21FA5A19B28E}.Release|Any CPU.ActiveCfg = Release|Any CPU
		{DC52F661-E110-483E-BE2B-21FA5A19B28E}.Release|Any CPU.Build.0 = Release|Any CPU
	EndGlobalSection
	GlobalSection(SolutionProperties) = preSolution
		HideSolutionNode = FALSE
	EndGlobalSection
	GlobalSection(ExtensibilityGlobals) = postSolution
		SolutionGuid = {F9D79E77-68B6-4B49-AAE6-0C7BAD7E7AAE}
	EndGlobalSection
EndGlobal
